// !$*UTF8*$!
{
	archiveVersion = 1;
	classes = {
	};
	objectVersion = 77;
	objects = {

/* Begin PBXBuildFile section */
		0329D3ACD8A1A220854EE035 /* PreferencesStoreTests.swift in Sources */ = {isa = PBXBuildFile; fileRef = A92472005DCE71CF8C973D6D /* PreferencesStoreTests.swift */; };
		04047189B27507D4B11E5421 /* SoundProfileLibraryControllerTests.swift in Sources */ = {isa = PBXBuildFile; fileRef = 341C32CDDACA4E0FFAC29ADD /* SoundProfileLibraryControllerTests.swift */; };
		07F2A2BFA3D36D127972EC55 /* PreferencesStore.swift in Sources */ = {isa = PBXBuildFile; fileRef = C159EBB5E23B95125073E1B9 /* PreferencesStore.swift */; };
		09A18E7171118DB3A64DA8D3 /* DiagnosticCheckersTests.swift in Sources */ = {isa = PBXBuildFile; fileRef = 060012B9D43327628F3EB740 /* DiagnosticCheckersTests.swift */; };
		0AC8890F86D334C2ABA050CC /* ReminderState.swift in Sources */ = {isa = PBXBuildFile; fileRef = 400F5E610E4CB38FC22FA221 /* ReminderState.swift */; };
		163D266695E119E3BCAD99E9 /* CalendarPage.swift in Sources */ = {isa = PBXBuildFile; fileRef = 61D91BFCEE716B62B4BF0DA2 /* CalendarPage.swift */; };
		1655E15D790C5648C01905EC /* NextMeetingSelector.swift in Sources */ = {isa = PBXBuildFile; fileRef = 36AE16EAB5592B16A910AFEB /* NextMeetingSelector.swift */; };
		1C9D72A36A07AF9550298543 /* ReminderPreferences.swift in Sources */ = {isa = PBXBuildFile; fileRef = EE49FFDD6C119F4194958281 /* ReminderPreferences.swift */; };
		3B071A07E4619D85C7CE5888 /* MeetingSource.swift in Sources */ = {isa = PBXBuildFile; fileRef = 4D33FE3B2AF0502DBBE1C910 /* MeetingSource.swift */; };
		3C85020E586F2BC53453639A /* SoundProfileAssetStore.swift in Sources */ = {isa = PBXBuildFile; fileRef = 16CB78D0412F8C8E9C56AA36 /* SoundProfileAssetStore.swift */; };
		4079514509B7FE24DAF3E265 /* MenuBarPresentationClock.swift in Sources */ = {isa = PBXBuildFile; fileRef = CC6E822E95EC75D17BA00AA5 /* MenuBarPresentationClock.swift */; };
		426656C9BCD061226497353D /* OverviewPage.swift in Sources */ = {isa = PBXBuildFile; fileRef = B188279C8B8B38585DEF86CC /* OverviewPage.swift */; };
		4293E9E8048234A39385A9A7 /* Header.swift in Sources */ = {isa = PBXBuildFile; fileRef = 4C16B01745BE0445939314EC /* Header.swift */; };
		45519A205FC61C998C73CCC1 /* PS5 Game Start.flac in Resources */ = {isa = PBXBuildFile; fileRef = 346D975040199E4F0FFDA9B7 /* PS5 Game Start.flac */; };
		4FF3910E5AA555BB9C398E44 /* SourceCoordinator.swift in Sources */ = {isa = PBXBuildFile; fileRef = 004137816B55DDDF2DC423A1 /* SourceCoordinator.swift */; };
		50ED62B7EE8A52809F0FB009 /* AppLogger.swift in Sources */ = {isa = PBXBuildFile; fileRef = 9A142DD44858FEA8D98FE277 /* AppLogger.swift */; };
		5AB73F7901F71BFBEB90DBA1 /* ReminderPreferencesController.swift in Sources */ = {isa = PBXBuildFile; fileRef = 0434080B94782F33E5F0BE80 /* ReminderPreferencesController.swift */; };
		5C0D63A2079B309B3E27F8CC /* SoundProfileLibraryController.swift in Sources */ = {isa = PBXBuildFile; fileRef = 6721CE71D8AEF49ED14AA08D /* SoundProfileLibraryController.swift */; };
		5E251C833627F81C2EF6715D /* Components.swift in Sources */ = {isa = PBXBuildFile; fileRef = 98C9EE430CE7C02299866822 /* Components.swift */; };
		5EE9174C36E6A73A282C8036 /* AppRuntime.swift in Sources */ = {isa = PBXBuildFile; fileRef = 1EC530C79CB8AFC603615014 /* AppRuntime.swift */; };
		66D922920448C6C423981DF3 /* SettingsSceneOpenController.swift in Sources */ = {isa = PBXBuildFile; fileRef = 8739B1EA28984FA21F554FE1 /* SettingsSceneOpenController.swift */; };
		6AC08E6B218E5EEB68C49548 /* SettingsSceneOpenControllerTests.swift in Sources */ = {isa = PBXBuildFile; fileRef = 70E443A44CA811E301744349 /* SettingsSceneOpenControllerTests.swift */; };
		7238928744EFEB29EB2C746A /* ReminderEngine.swift in Sources */ = {isa = PBXBuildFile; fileRef = 668B545A1CBFDD1DC916F3F8 /* ReminderEngine.swift */; };
		79C75486C861D3AE9AD8BB05 /* Presentation.swift in Sources */ = {isa = PBXBuildFile; fileRef = 3325B87E9489B077781ABAF3 /* Presentation.swift */; };
		7EC32AC7335445C203A3D3FF /* GlassUI.swift in Sources */ = {isa = PBXBuildFile; fileRef = 6AE6E7DD9E61646D1E54858F /* GlassUI.swift */; };
		81DC1C2E545BDE382DB1D8AB /* MeetingRecord.swift in Sources */ = {isa = PBXBuildFile; fileRef = CFB7CC4AC95E74E207C21836 /* MeetingRecord.swift */; };
		8C113D0D214E22A3D593B4E6 /* FeishuMeetingCountdownApp.swift in Sources */ = {isa = PBXBuildFile; fileRef = 6D137F6A7C582A1C24EC9E3A /* FeishuMeetingCountdownApp.swift */; };
		8FF7DC94E8902C3465A02CB0 /* AppRefreshController.swift in Sources */ = {isa = PBXBuildFile; fileRef = 6C222E5FE9F387BE53A9B74C /* AppRefreshController.swift */; };
		92B5EB3F4BB8ED4F7CAD0637 /* MenuBarContentView.swift in Sources */ = {isa = PBXBuildFile; fileRef = 02E35285E19D5F099F9FDF69 /* MenuBarContentView.swift */; };
		94747232041240F8669C6993 /* NextMeetingSelectorTests.swift in Sources */ = {isa = PBXBuildFile; fileRef = 79A62141776821479D9F3A36 /* NextMeetingSelectorTests.swift */; };
		94FC139015D66E6070C02F8A /* LaunchAtLoginController.swift in Sources */ = {isa = PBXBuildFile; fileRef = C9AF9C74D784B315E50F901E /* LaunchAtLoginController.swift */; };
		9AF6CD06AC52E88719FE9C49 /* SystemCalendarConnectionController.swift in Sources */ = {isa = PBXBuildFile; fileRef = 8A63B3B4A8E497046F57B57F /* SystemCalendarConnectionController.swift */; };
		9D21C498FE78EA8E84C076CB /* SelectableSoundProfileReminderAudioEngine.swift in Sources */ = {isa = PBXBuildFile; fileRef = 4FE43F0B3837B6BB858AC93C /* SelectableSoundProfileReminderAudioEngine.swift */; };
		9E195C95548705BCE185246F /* AdvancedPage.swift in Sources */ = {isa = PBXBuildFile; fileRef = 39FE68844BD1999A114D9CD4 /* AdvancedPage.swift */; };
		9E53DB4BB37696F0550E0BE4 /* MenuBarStatusItemController.swift in Sources */ = {isa = PBXBuildFile; fileRef = CE290BAC98F94507CC538D90 /* MenuBarStatusItemController.swift */; };
		A1FA7797611B814CFBDE893C /* CalendarConnectionDiagnosticSnapshot.swift in Sources */ = {isa = PBXBuildFile; fileRef = 870FA20C7B520F3C9AE23DB9 /* CalendarConnectionDiagnosticSnapshot.swift */; };
		A2D1B7F8E66FF1EFFD1C9473 /* SoundProfile.swift in Sources */ = {isa = PBXBuildFile; fileRef = 8A9C0B1F3FDD2F2635D422E9 /* SoundProfile.swift */; };
		A9A569940CA3C6B96391A0C7 /* SourceCoordinatorTests.swift in Sources */ = {isa = PBXBuildFile; fileRef = BAB554BC93E4A5CD4D5F4D48 /* SourceCoordinatorTests.swift */; };
		ACA0046E387F16D4868029A4 /* ReminderStateTests.swift in Sources */ = {isa = PBXBuildFile; fileRef = F22C240547110028BB783D74 /* ReminderStateTests.swift */; };
		B172F6148DCB4468092F6839 /* DiagnosticsState.swift in Sources */ = {isa = PBXBuildFile; fileRef = B9F7A7849159337A8D5A6F07 /* DiagnosticsState.swift */; };
		B421C858D50F7E232E19318A /* AppContainer.swift in Sources */ = {isa = PBXBuildFile; fileRef = AB3DF7DFC52D1454B896128F /* AppContainer.swift */; };
		B4563C746B28080BB2086F6D /* AudioOutputRoute.swift in Sources */ = {isa = PBXBuildFile; fileRef = 0BD7F45FD85A7D26C9F65EA7 /* AudioOutputRoute.swift */; };
		B9AC6D48ED8DBC9751C932A1 /* SystemCalendarModels.swift in Sources */ = {isa = PBXBuildFile; fileRef = 411B32E4F494116427681C2E /* SystemCalendarModels.swift */; };
		BD42B27D13C82396C7F55DE6 /* StubMeetingSource.swift in Sources */ = {isa = PBXBuildFile; fileRef = C1D86CBE28AD8F0838B4D62B /* StubMeetingSource.swift */; };
		BD9F5E50706005163C372D8F /* Assets.xcassets in Resources */ = {isa = PBXBuildFile; fileRef = 7A0B45578C38FFA11B87D493 /* Assets.xcassets */; };
		BEB5815AA462B1C2C9E3BA9D /* ReminderEngineTests.swift in Sources */ = {isa = PBXBuildFile; fileRef = E28DD805547510F7DEE9F9CB /* ReminderEngineTests.swift */; };
		C4C5668DAF91ECD4D3E7EE9B /* SettingsView.swift in Sources */ = {isa = PBXBuildFile; fileRef = 8DB44FF575940D623FFD822F /* SettingsView.swift */; };
		C62CFB42FF685943679356F0 /* DiagnosticCheckers.swift in Sources */ = {isa = PBXBuildFile; fileRef = AC234B4B698019FA3938A72A /* DiagnosticCheckers.swift */; };
		C97155D34714248A69EC016E /* RemindersPage.swift in Sources */ = {isa = PBXBuildFile; fileRef = 88BCCC992BA06ED1B43211FD /* RemindersPage.swift */; };
		D02C06C468AD048A059B9A07 /* SelectableSoundProfileReminderAudioEngineTests.swift in Sources */ = {isa = PBXBuildFile; fileRef = AA45E9422D9BEAE364CF745A /* SelectableSoundProfileReminderAudioEngineTests.swift */; };
		D1ED963528220CF79C90ABC7 /* ReminderAudioEngine.swift in Sources */ = {isa = PBXBuildFile; fileRef = 94F0040176A4207996B8526B /* ReminderAudioEngine.swift */; };
		D9B53815EF2478A306F5DABE /* SystemCalendarMeetingSource.swift in Sources */ = {isa = PBXBuildFile; fileRef = A7CA4EAC81F494EDA7F3B98E /* SystemCalendarMeetingSource.swift */; };
		E07827B9566EB75B910EE297 /* SoundProfilePreviewPlayer.swift in Sources */ = {isa = PBXBuildFile; fileRef = B55D895F109E5D9D4FE749A7 /* SoundProfilePreviewPlayer.swift */; };
		E29CF28B89883514939F5BE6 /* SystemCalendarBridgeTests.swift in Sources */ = {isa = PBXBuildFile; fileRef = 5D222E1EB98EB2C80DA37E1E /* SystemCalendarBridgeTests.swift */; };
		E848E5203527FD582DE28771 /* RefreshTrigger.swift in Sources */ = {isa = PBXBuildFile; fileRef = B0E2BC2E27A8551DB11F1EED /* RefreshTrigger.swift */; };
		F1F3334DBF2B5E3BFDE86EE9 /* CalendarConnectionDiagnosticSnapshotTests.swift in Sources */ = {isa = PBXBuildFile; fileRef = D2198881A2E6FF17FCBA9075 /* CalendarConnectionDiagnosticSnapshotTests.swift */; };
		F2C19904FCBFF380B30F3DF3 /* AudioPage.swift in Sources */ = {isa = PBXBuildFile; fileRef = 74FD58D73731E1367D6452E1 /* AudioPage.swift */; };
		F48E4AE2F6AD606FD26FB575 /* SettingsWindowController.swift in Sources */ = {isa = PBXBuildFile; fileRef = 4E9C3A36ACD70A35F6DC66DA /* SettingsWindowController.swift */; };
		FB599DAD0BF6136EE4D336FE /* SystemCalendarAccess.swift in Sources */ = {isa = PBXBuildFile; fileRef = 161F70512D2E9A019D854F1E /* SystemCalendarAccess.swift */; };
/* End PBXBuildFile section */

/* Begin PBXContainerItemProxy section */
		C8C1096F216ACD247164D33B /* PBXContainerItemProxy */ = {
			isa = PBXContainerItemProxy;
			containerPortal = 7C842DD298E86FC7253EF3D0 /* Project object */;
			proxyType = 1;
			remoteGlobalIDString = 9FF8CA74C34BEE337BE1E4E6;
			remoteInfo = FeishuMeetingCountdown;
		};
/* End PBXContainerItemProxy section */

/* Begin PBXFileReference section */
		004137816B55DDDF2DC423A1 /* SourceCoordinator.swift */ = {isa = PBXFileReference; lastKnownFileType = sourcecode.swift; path = SourceCoordinator.swift; sourceTree = "<group>"; };
		02E35285E19D5F099F9FDF69 /* MenuBarContentView.swift */ = {isa = PBXFileReference; lastKnownFileType = sourcecode.swift; path = MenuBarContentView.swift; sourceTree = "<group>"; };
		0434080B94782F33E5F0BE80 /* ReminderPreferencesController.swift */ = {isa = PBXFileReference; lastKnownFileType = sourcecode.swift; path = ReminderPreferencesController.swift; sourceTree = "<group>"; };
		060012B9D43327628F3EB740 /* DiagnosticCheckersTests.swift */ = {isa = PBXFileReference; lastKnownFileType = sourcecode.swift; path = DiagnosticCheckersTests.swift; sourceTree = "<group>"; };
		0BD7F45FD85A7D26C9F65EA7 /* AudioOutputRoute.swift */ = {isa = PBXFileReference; lastKnownFileType = sourcecode.swift; path = AudioOutputRoute.swift; sourceTree = "<group>"; };
		161F70512D2E9A019D854F1E /* SystemCalendarAccess.swift */ = {isa = PBXFileReference; lastKnownFileType = sourcecode.swift; path = SystemCalendarAccess.swift; sourceTree = "<group>"; };
		16CB78D0412F8C8E9C56AA36 /* SoundProfileAssetStore.swift */ = {isa = PBXFileReference; lastKnownFileType = sourcecode.swift; path = SoundProfileAssetStore.swift; sourceTree = "<group>"; };
		1D82B0152C497FA6578E57A8 /* FeishuMeetingCountdownTests.xctest */ = {isa = PBXFileReference; explicitFileType = wrapper.cfbundle; includeInIndex = 0; path = FeishuMeetingCountdownTests.xctest; sourceTree = BUILT_PRODUCTS_DIR; };
		1EC530C79CB8AFC603615014 /* AppRuntime.swift */ = {isa = PBXFileReference; lastKnownFileType = sourcecode.swift; path = AppRuntime.swift; sourceTree = "<group>"; };
		3325B87E9489B077781ABAF3 /* Presentation.swift */ = {isa = PBXFileReference; lastKnownFileType = sourcecode.swift; path = Presentation.swift; sourceTree = "<group>"; };
		341C32CDDACA4E0FFAC29ADD /* SoundProfileLibraryControllerTests.swift */ = {isa = PBXFileReference; lastKnownFileType = sourcecode.swift; path = SoundProfileLibraryControllerTests.swift; sourceTree = "<group>"; };
		346D975040199E4F0FFDA9B7 /* PS5 Game Start.flac */ = {isa = PBXFileReference; path = "PS5 Game Start.flac"; sourceTree = "<group>"; };
		36AE16EAB5592B16A910AFEB /* NextMeetingSelector.swift */ = {isa = PBXFileReference; lastKnownFileType = sourcecode.swift; path = NextMeetingSelector.swift; sourceTree = "<group>"; };
		39FE68844BD1999A114D9CD4 /* AdvancedPage.swift */ = {isa = PBXFileReference; lastKnownFileType = sourcecode.swift; path = AdvancedPage.swift; sourceTree = "<group>"; };
		400F5E610E4CB38FC22FA221 /* ReminderState.swift */ = {isa = PBXFileReference; lastKnownFileType = sourcecode.swift; path = ReminderState.swift; sourceTree = "<group>"; };
		411B32E4F494116427681C2E /* SystemCalendarModels.swift */ = {isa = PBXFileReference; lastKnownFileType = sourcecode.swift; path = SystemCalendarModels.swift; sourceTree = "<group>"; };
		4C16B01745BE0445939314EC /* Header.swift */ = {isa = PBXFileReference; lastKnownFileType = sourcecode.swift; path = Header.swift; sourceTree = "<group>"; };
		4D33FE3B2AF0502DBBE1C910 /* MeetingSource.swift */ = {isa = PBXFileReference; lastKnownFileType = sourcecode.swift; path = MeetingSource.swift; sourceTree = "<group>"; };
		4E9C3A36ACD70A35F6DC66DA /* SettingsWindowController.swift */ = {isa = PBXFileReference; lastKnownFileType = sourcecode.swift; path = SettingsWindowController.swift; sourceTree = "<group>"; };
		4FE43F0B3837B6BB858AC93C /* SelectableSoundProfileReminderAudioEngine.swift */ = {isa = PBXFileReference; lastKnownFileType = sourcecode.swift; path = SelectableSoundProfileReminderAudioEngine.swift; sourceTree = "<group>"; };
		5D222E1EB98EB2C80DA37E1E /* SystemCalendarBridgeTests.swift */ = {isa = PBXFileReference; lastKnownFileType = sourcecode.swift; path = SystemCalendarBridgeTests.swift; sourceTree = "<group>"; };
		61D91BFCEE716B62B4BF0DA2 /* CalendarPage.swift */ = {isa = PBXFileReference; lastKnownFileType = sourcecode.swift; path = CalendarPage.swift; sourceTree = "<group>"; };
		668B545A1CBFDD1DC916F3F8 /* ReminderEngine.swift */ = {isa = PBXFileReference; lastKnownFileType = sourcecode.swift; path = ReminderEngine.swift; sourceTree = "<group>"; };
		6721CE71D8AEF49ED14AA08D /* SoundProfileLibraryController.swift */ = {isa = PBXFileReference; lastKnownFileType = sourcecode.swift; path = SoundProfileLibraryController.swift; sourceTree = "<group>"; };
		6AE6E7DD9E61646D1E54858F /* GlassUI.swift */ = {isa = PBXFileReference; lastKnownFileType = sourcecode.swift; path = GlassUI.swift; sourceTree = "<group>"; };
		6C222E5FE9F387BE53A9B74C /* AppRefreshController.swift */ = {isa = PBXFileReference; lastKnownFileType = sourcecode.swift; path = AppRefreshController.swift; sourceTree = "<group>"; };
		6D137F6A7C582A1C24EC9E3A /* FeishuMeetingCountdownApp.swift */ = {isa = PBXFileReference; lastKnownFileType = sourcecode.swift; path = FeishuMeetingCountdownApp.swift; sourceTree = "<group>"; };
		70E443A44CA811E301744349 /* SettingsSceneOpenControllerTests.swift */ = {isa = PBXFileReference; lastKnownFileType = sourcecode.swift; path = SettingsSceneOpenControllerTests.swift; sourceTree = "<group>"; };
		74FD58D73731E1367D6452E1 /* AudioPage.swift */ = {isa = PBXFileReference; lastKnownFileType = sourcecode.swift; path = AudioPage.swift; sourceTree = "<group>"; };
		79A62141776821479D9F3A36 /* NextMeetingSelectorTests.swift */ = {isa = PBXFileReference; lastKnownFileType = sourcecode.swift; path = NextMeetingSelectorTests.swift; sourceTree = "<group>"; };
		7A0B45578C38FFA11B87D493 /* Assets.xcassets */ = {isa = PBXFileReference; lastKnownFileType = folder.assetcatalog; path = Assets.xcassets; sourceTree = "<group>"; };
		870FA20C7B520F3C9AE23DB9 /* CalendarConnectionDiagnosticSnapshot.swift */ = {isa = PBXFileReference; lastKnownFileType = sourcecode.swift; path = CalendarConnectionDiagnosticSnapshot.swift; sourceTree = "<group>"; };
		8739B1EA28984FA21F554FE1 /* SettingsSceneOpenController.swift */ = {isa = PBXFileReference; lastKnownFileType = sourcecode.swift; path = SettingsSceneOpenController.swift; sourceTree = "<group>"; };
		88BCCC992BA06ED1B43211FD /* RemindersPage.swift */ = {isa = PBXFileReference; lastKnownFileType = sourcecode.swift; path = RemindersPage.swift; sourceTree = "<group>"; };
		8A63B3B4A8E497046F57B57F /* SystemCalendarConnectionController.swift */ = {isa = PBXFileReference; lastKnownFileType = sourcecode.swift; path = SystemCalendarConnectionController.swift; sourceTree = "<group>"; };
		8A9C0B1F3FDD2F2635D422E9 /* SoundProfile.swift */ = {isa = PBXFileReference; lastKnownFileType = sourcecode.swift; path = SoundProfile.swift; sourceTree = "<group>"; };
		8DB44FF575940D623FFD822F /* SettingsView.swift */ = {isa = PBXFileReference; lastKnownFileType = sourcecode.swift; path = SettingsView.swift; sourceTree = "<group>"; };
		94F0040176A4207996B8526B /* ReminderAudioEngine.swift */ = {isa = PBXFileReference; lastKnownFileType = sourcecode.swift; path = ReminderAudioEngine.swift; sourceTree = "<group>"; };
		98C9EE430CE7C02299866822 /* Components.swift */ = {isa = PBXFileReference; lastKnownFileType = sourcecode.swift; path = Components.swift; sourceTree = "<group>"; };
		9A142DD44858FEA8D98FE277 /* AppLogger.swift */ = {isa = PBXFileReference; lastKnownFileType = sourcecode.swift; path = AppLogger.swift; sourceTree = "<group>"; };
		A7CA4EAC81F494EDA7F3B98E /* SystemCalendarMeetingSource.swift */ = {isa = PBXFileReference; lastKnownFileType = sourcecode.swift; path = SystemCalendarMeetingSource.swift; sourceTree = "<group>"; };
		A92472005DCE71CF8C973D6D /* PreferencesStoreTests.swift */ = {isa = PBXFileReference; lastKnownFileType = sourcecode.swift; path = PreferencesStoreTests.swift; sourceTree = "<group>"; };
		AA45E9422D9BEAE364CF745A /* SelectableSoundProfileReminderAudioEngineTests.swift */ = {isa = PBXFileReference; lastKnownFileType = sourcecode.swift; path = SelectableSoundProfileReminderAudioEngineTests.swift; sourceTree = "<group>"; };
		AB3DF7DFC52D1454B896128F /* AppContainer.swift */ = {isa = PBXFileReference; lastKnownFileType = sourcecode.swift; path = AppContainer.swift; sourceTree = "<group>"; };
		AC234B4B698019FA3938A72A /* DiagnosticCheckers.swift */ = {isa = PBXFileReference; lastKnownFileType = sourcecode.swift; path = DiagnosticCheckers.swift; sourceTree = "<group>"; };
		B0E2BC2E27A8551DB11F1EED /* RefreshTrigger.swift */ = {isa = PBXFileReference; lastKnownFileType = sourcecode.swift; path = RefreshTrigger.swift; sourceTree = "<group>"; };
		B188279C8B8B38585DEF86CC /* OverviewPage.swift */ = {isa = PBXFileReference; lastKnownFileType = sourcecode.swift; path = OverviewPage.swift; sourceTree = "<group>"; };
		B55D895F109E5D9D4FE749A7 /* SoundProfilePreviewPlayer.swift */ = {isa = PBXFileReference; lastKnownFileType = sourcecode.swift; path = SoundProfilePreviewPlayer.swift; sourceTree = "<group>"; };
		B9F7A7849159337A8D5A6F07 /* DiagnosticsState.swift */ = {isa = PBXFileReference; lastKnownFileType = sourcecode.swift; path = DiagnosticsState.swift; sourceTree = "<group>"; };
		BAB554BC93E4A5CD4D5F4D48 /* SourceCoordinatorTests.swift */ = {isa = PBXFileReference; lastKnownFileType = sourcecode.swift; path = SourceCoordinatorTests.swift; sourceTree = "<group>"; };
		C159EBB5E23B95125073E1B9 /* PreferencesStore.swift */ = {isa = PBXFileReference; lastKnownFileType = sourcecode.swift; path = PreferencesStore.swift; sourceTree = "<group>"; };
		C1D86CBE28AD8F0838B4D62B /* StubMeetingSource.swift */ = {isa = PBXFileReference; lastKnownFileType = sourcecode.swift; path = StubMeetingSource.swift; sourceTree = "<group>"; };
		C9AF9C74D784B315E50F901E /* LaunchAtLoginController.swift */ = {isa = PBXFileReference; lastKnownFileType = sourcecode.swift; path = LaunchAtLoginController.swift; sourceTree = "<group>"; };
		CC6E822E95EC75D17BA00AA5 /* MenuBarPresentationClock.swift */ = {isa = PBXFileReference; lastKnownFileType = sourcecode.swift; path = MenuBarPresentationClock.swift; sourceTree = "<group>"; };
		CE290BAC98F94507CC538D90 /* MenuBarStatusItemController.swift */ = {isa = PBXFileReference; lastKnownFileType = sourcecode.swift; path = MenuBarStatusItemController.swift; sourceTree = "<group>"; };
		CE2D7C9623430AC9CADCCA38 /* FeishuMeetingCountdown.app */ = {isa = PBXFileReference; explicitFileType = wrapper.application; includeInIndex = 0; path = FeishuMeetingCountdown.app; sourceTree = BUILT_PRODUCTS_DIR; };
		CFB7CC4AC95E74E207C21836 /* MeetingRecord.swift */ = {isa = PBXFileReference; lastKnownFileType = sourcecode.swift; path = MeetingRecord.swift; sourceTree = "<group>"; };
		D2198881A2E6FF17FCBA9075 /* CalendarConnectionDiagnosticSnapshotTests.swift */ = {isa = PBXFileReference; lastKnownFileType = sourcecode.swift; path = CalendarConnectionDiagnosticSnapshotTests.swift; sourceTree = "<group>"; };
		E28DD805547510F7DEE9F9CB /* ReminderEngineTests.swift */ = {isa = PBXFileReference; lastKnownFileType = sourcecode.swift; path = ReminderEngineTests.swift; sourceTree = "<group>"; };
		EE49FFDD6C119F4194958281 /* ReminderPreferences.swift */ = {isa = PBXFileReference; lastKnownFileType = sourcecode.swift; path = ReminderPreferences.swift; sourceTree = "<group>"; };
		F22C240547110028BB783D74 /* ReminderStateTests.swift */ = {isa = PBXFileReference; lastKnownFileType = sourcecode.swift; path = ReminderStateTests.swift; sourceTree = "<group>"; };
/* End PBXFileReference section */

/* Begin PBXGroup section */
		064392569401D8F26E9BD802 /* SystemCalendarBridge */ = {
			isa = PBXGroup;
			children = (
				161F70512D2E9A019D854F1E /* SystemCalendarAccess.swift */,
				8A63B3B4A8E497046F57B57F /* SystemCalendarConnectionController.swift */,
				A7CA4EAC81F494EDA7F3B98E /* SystemCalendarMeetingSource.swift */,
				411B32E4F494116427681C2E /* SystemCalendarModels.swift */,
			);
			path = SystemCalendarBridge;
			sourceTree = "<group>";
		};
		0DC5C66A36F8C51D2203D549 /* ReminderEngine */ = {
			isa = PBXGroup;
			children = (
				0BD7F45FD85A7D26C9F65EA7 /* AudioOutputRoute.swift */,
				94F0040176A4207996B8526B /* ReminderAudioEngine.swift */,
				668B545A1CBFDD1DC916F3F8 /* ReminderEngine.swift */,
				400F5E610E4CB38FC22FA221 /* ReminderState.swift */,
				4FE43F0B3837B6BB858AC93C /* SelectableSoundProfileReminderAudioEngine.swift */,
				B55D895F109E5D9D4FE749A7 /* SoundProfilePreviewPlayer.swift */,
			);
			path = ReminderEngine;
			sourceTree = "<group>";
		};
		188034ECA396E076DF547CE0 /* Preferences */ = {
			isa = PBXGroup;
			children = (
				C159EBB5E23B95125073E1B9 /* PreferencesStore.swift */,
				EE49FFDD6C119F4194958281 /* ReminderPreferences.swift */,
				0434080B94782F33E5F0BE80 /* ReminderPreferencesController.swift */,
				8A9C0B1F3FDD2F2635D422E9 /* SoundProfile.swift */,
				16CB78D0412F8C8E9C56AA36 /* SoundProfileAssetStore.swift */,
				6721CE71D8AEF49ED14AA08D /* SoundProfileLibraryController.swift */,
			);
			path = Preferences;
			sourceTree = "<group>";
		};
		2CCA056AF6BFA5A5B84FE83D /* Preferences */ = {
			isa = PBXGroup;
			children = (
				A92472005DCE71CF8C973D6D /* PreferencesStoreTests.swift */,
				341C32CDDACA4E0FFAC29ADD /* SoundProfileLibraryControllerTests.swift */,
			);
			path = Preferences;
			sourceTree = "<group>";
		};
		2DBB3DA9150843A58EDC0133 = {
			isa = PBXGroup;
			children = (
				412A176955112C23958BB8C5 /* MeetingCountdownApp */,
				BA420259AD4B1F4EEAC14883 /* MeetingCountdownAppTests */,
				B942D1F21917641E082C2DC1 /* Products */,
			);
			sourceTree = "<group>";
		};
		302DEFAEBB9CDCF7A195638C /* Settings */ = {
			isa = PBXGroup;
			children = (
				39FE68844BD1999A114D9CD4 /* AdvancedPage.swift */,
				74FD58D73731E1367D6452E1 /* AudioPage.swift */,
				61D91BFCEE716B62B4BF0DA2 /* CalendarPage.swift */,
				98C9EE430CE7C02299866822 /* Components.swift */,
				4C16B01745BE0445939314EC /* Header.swift */,
				B188279C8B8B38585DEF86CC /* OverviewPage.swift */,
				3325B87E9489B077781ABAF3 /* Presentation.swift */,
				88BCCC992BA06ED1B43211FD /* RemindersPage.swift */,
			);
			path = Settings;
			sourceTree = "<group>";
		};
		412A176955112C23958BB8C5 /* MeetingCountdownApp */ = {
			isa = PBXGroup;
			children = (
				E1DFBCC90864F4244B0095B4 /* AppShell */,
				5BB70F8C55B957F179539F34 /* Diagnostics */,
				ED6B22CBEFD04BE02795163D /* Domain */,
				188034ECA396E076DF547CE0 /* Preferences */,
				0DC5C66A36F8C51D2203D549 /* ReminderEngine */,
				F0F72B1DA87459C97C592CEA /* Resources */,
				79634B84F93F67FC2B65CFAF /* Shared */,
				FE62685A8DAA6EBB38860E85 /* SourceCoordinator */,
				064392569401D8F26E9BD802 /* SystemCalendarBridge */,
			);
			path = MeetingCountdownApp;
			sourceTree = "<group>";
		};
		5BB70F8C55B957F179539F34 /* Diagnostics */ = {
			isa = PBXGroup;
			children = (
				870FA20C7B520F3C9AE23DB9 /* CalendarConnectionDiagnosticSnapshot.swift */,
				AC234B4B698019FA3938A72A /* DiagnosticCheckers.swift */,
				B9F7A7849159337A8D5A6F07 /* DiagnosticsState.swift */,
			);
			path = Diagnostics;
			sourceTree = "<group>";
		};
		79634B84F93F67FC2B65CFAF /* Shared */ = {
			isa = PBXGroup;
			children = (
				9A142DD44858FEA8D98FE277 /* AppLogger.swift */,
			);
			path = Shared;
			sourceTree = "<group>";
		};
		B2962385A21E449A097B5221 /* SystemCalendarBridge */ = {
			isa = PBXGroup;
			children = (
				5D222E1EB98EB2C80DA37E1E /* SystemCalendarBridgeTests.swift */,
			);
			path = SystemCalendarBridge;
			sourceTree = "<group>";
		};
		B942D1F21917641E082C2DC1 /* Products */ = {
			isa = PBXGroup;
			children = (
				CE2D7C9623430AC9CADCCA38 /* FeishuMeetingCountdown.app */,
				1D82B0152C497FA6578E57A8 /* FeishuMeetingCountdownTests.xctest */,
			);
			name = Products;
			sourceTree = "<group>";
		};
		BA420259AD4B1F4EEAC14883 /* MeetingCountdownAppTests */ = {
			isa = PBXGroup;
			children = (
				CB89145FE191D29FF04E62E8 /* AppShell */,
				D749900478B506C5599A3A69 /* Diagnostics */,
				F411A69A9714942C9E539A61 /* Domain */,
				2CCA056AF6BFA5A5B84FE83D /* Preferences */,
				D73391623F1867E646C390E4 /* ReminderEngine */,
				CA8B3AABDAC91368B5FE2947 /* SourceCoordinator */,
				B2962385A21E449A097B5221 /* SystemCalendarBridge */,
			);
			path = MeetingCountdownAppTests;
			sourceTree = "<group>";
		};
		CA8B3AABDAC91368B5FE2947 /* SourceCoordinator */ = {
			isa = PBXGroup;
			children = (
				BAB554BC93E4A5CD4D5F4D48 /* SourceCoordinatorTests.swift */,
			);
			path = SourceCoordinator;
			sourceTree = "<group>";
		};
		CB89145FE191D29FF04E62E8 /* AppShell */ = {
			isa = PBXGroup;
			children = (
				70E443A44CA811E301744349 /* SettingsSceneOpenControllerTests.swift */,
			);
			path = AppShell;
			sourceTree = "<group>";
		};
		D73391623F1867E646C390E4 /* ReminderEngine */ = {
			isa = PBXGroup;
			children = (
				E28DD805547510F7DEE9F9CB /* ReminderEngineTests.swift */,
				F22C240547110028BB783D74 /* ReminderStateTests.swift */,
				AA45E9422D9BEAE364CF745A /* SelectableSoundProfileReminderAudioEngineTests.swift */,
			);
			path = ReminderEngine;
			sourceTree = "<group>";
		};
		D749900478B506C5599A3A69 /* Diagnostics */ = {
			isa = PBXGroup;
			children = (
				D2198881A2E6FF17FCBA9075 /* CalendarConnectionDiagnosticSnapshotTests.swift */,
				060012B9D43327628F3EB740 /* DiagnosticCheckersTests.swift */,
			);
			path = Diagnostics;
			sourceTree = "<group>";
		};
		E1DFBCC90864F4244B0095B4 /* AppShell */ = {
			isa = PBXGroup;
			children = (
				AB3DF7DFC52D1454B896128F /* AppContainer.swift */,
				6C222E5FE9F387BE53A9B74C /* AppRefreshController.swift */,
				1EC530C79CB8AFC603615014 /* AppRuntime.swift */,
				6D137F6A7C582A1C24EC9E3A /* FeishuMeetingCountdownApp.swift */,
				6AE6E7DD9E61646D1E54858F /* GlassUI.swift */,
				C9AF9C74D784B315E50F901E /* LaunchAtLoginController.swift */,
				02E35285E19D5F099F9FDF69 /* MenuBarContentView.swift */,
				CC6E822E95EC75D17BA00AA5 /* MenuBarPresentationClock.swift */,
				CE290BAC98F94507CC538D90 /* MenuBarStatusItemController.swift */,
				8739B1EA28984FA21F554FE1 /* SettingsSceneOpenController.swift */,
				8DB44FF575940D623FFD822F /* SettingsView.swift */,
				4E9C3A36ACD70A35F6DC66DA /* SettingsWindowController.swift */,
				302DEFAEBB9CDCF7A195638C /* Settings */,
			);
			path = AppShell;
			sourceTree = "<group>";
		};
		ED6B22CBEFD04BE02795163D /* Domain */ = {
			isa = PBXGroup;
			children = (
				CFB7CC4AC95E74E207C21836 /* MeetingRecord.swift */,
				4D33FE3B2AF0502DBBE1C910 /* MeetingSource.swift */,
				36AE16EAB5592B16A910AFEB /* NextMeetingSelector.swift */,
				B0E2BC2E27A8551DB11F1EED /* RefreshTrigger.swift */,
			);
			path = Domain;
			sourceTree = "<group>";
		};
		F0F72B1DA87459C97C592CEA /* Resources */ = {
			isa = PBXGroup;
			children = (
				7A0B45578C38FFA11B87D493 /* Assets.xcassets */,
				346D975040199E4F0FFDA9B7 /* PS5 Game Start.flac */,
			);
			path = Resources;
			sourceTree = "<group>";
		};
		F411A69A9714942C9E539A61 /* Domain */ = {
			isa = PBXGroup;
			children = (
				79A62141776821479D9F3A36 /* NextMeetingSelectorTests.swift */,
			);
			path = Domain;
			sourceTree = "<group>";
		};
		FE62685A8DAA6EBB38860E85 /* SourceCoordinator */ = {
			isa = PBXGroup;
			children = (
				004137816B55DDDF2DC423A1 /* SourceCoordinator.swift */,
				C1D86CBE28AD8F0838B4D62B /* StubMeetingSource.swift */,
			);
			path = SourceCoordinator;
			sourceTree = "<group>";
		};
/* End PBXGroup section */

/* Begin PBXNativeTarget section */
		04821F1A90DC7231C3D750BD /* FeishuMeetingCountdownTests */ = {
			isa = PBXNativeTarget;
			buildConfigurationList = 3B9ECB477BD840F035AD8E01 /* Build configuration list for PBXNativeTarget "FeishuMeetingCountdownTests" */;
			buildPhases = (
				984F501DAB12E97C6C62638B /* Sources */,
			);
			buildRules = (
			);
			dependencies = (
				C4AFCFDAA44F3F25D15AC618 /* PBXTargetDependency */,
			);
			name = FeishuMeetingCountdownTests;
			packageProductDependencies = (
			);
			productName = FeishuMeetingCountdownTests;
			productReference = 1D82B0152C497FA6578E57A8 /* FeishuMeetingCountdownTests.xctest */;
			productType = "com.apple.product-type.bundle.unit-test";
		};
		9FF8CA74C34BEE337BE1E4E6 /* FeishuMeetingCountdown */ = {
			isa = PBXNativeTarget;
			buildConfigurationList = 30916074E20F0C2E1F82AB54 /* Build configuration list for PBXNativeTarget "FeishuMeetingCountdown" */;
			buildPhases = (
				C6257986755B41CFE8C44707 /* Sources */,
				05A6B13106BA994E084095DF /* Resources */,
			);
			buildRules = (
			);
			dependencies = (
			);
			name = FeishuMeetingCountdown;
			packageProductDependencies = (
			);
			productName = FeishuMeetingCountdown;
			productReference = CE2D7C9623430AC9CADCCA38 /* FeishuMeetingCountdown.app */;
			productType = "com.apple.product-type.application";
		};
/* End PBXNativeTarget section */

/* Begin PBXProject section */
		7C842DD298E86FC7253EF3D0 /* Project object */ = {
			isa = PBXProject;
			attributes = {
				BuildIndependentTargetsInParallel = YES;
				LastUpgradeCheck = 1430;
				TargetAttributes = {
				};
			};
			buildConfigurationList = 6F09D167FADEB0E17AE3DD87 /* Build configuration list for PBXProject "MeetingCountdown" */;
			developmentRegion = en;
			hasScannedForEncodings = 0;
			knownRegions = (
				Base,
				en,
			);
			mainGroup = 2DBB3DA9150843A58EDC0133;
			minimizedProjectReferenceProxies = 1;
			preferredProjectObjectVersion = 77;
			productRefGroup = B942D1F21917641E082C2DC1 /* Products */;
			projectDirPath = "";
			projectRoot = "";
			targets = (
				9FF8CA74C34BEE337BE1E4E6 /* FeishuMeetingCountdown */,
				04821F1A90DC7231C3D750BD /* FeishuMeetingCountdownTests */,
			);
		};
/* End PBXProject section */

/* Begin PBXResourcesBuildPhase section */
		05A6B13106BA994E084095DF /* Resources */ = {
			isa = PBXResourcesBuildPhase;
			buildActionMask = 2147483647;
			files = (
				BD9F5E50706005163C372D8F /* Assets.xcassets in Resources */,
				45519A205FC61C998C73CCC1 /* PS5 Game Start.flac in Resources */,
			);
			runOnlyForDeploymentPostprocessing = 0;
		};
/* End PBXResourcesBuildPhase section */

/* Begin PBXSourcesBuildPhase section */
		984F501DAB12E97C6C62638B /* Sources */ = {
			isa = PBXSourcesBuildPhase;
			buildActionMask = 2147483647;
			files = (
				F1F3334DBF2B5E3BFDE86EE9 /* CalendarConnectionDiagnosticSnapshotTests.swift in Sources */,
				09A18E7171118DB3A64DA8D3 /* DiagnosticCheckersTests.swift in Sources */,
				94747232041240F8669C6993 /* NextMeetingSelectorTests.swift in Sources */,
				0329D3ACD8A1A220854EE035 /* PreferencesStoreTests.swift in Sources */,
				BEB5815AA462B1C2C9E3BA9D /* ReminderEngineTests.swift in Sources */,
				ACA0046E387F16D4868029A4 /* ReminderStateTests.swift in Sources */,
				D02C06C468AD048A059B9A07 /* SelectableSoundProfileReminderAudioEngineTests.swift in Sources */,
				6AC08E6B218E5EEB68C49548 /* SettingsSceneOpenControllerTests.swift in Sources */,
				04047189B27507D4B11E5421 /* SoundProfileLibraryControllerTests.swift in Sources */,
				A9A569940CA3C6B96391A0C7 /* SourceCoordinatorTests.swift in Sources */,
				E29CF28B89883514939F5BE6 /* SystemCalendarBridgeTests.swift in Sources */,
			);
			runOnlyForDeploymentPostprocessing = 0;
		};
		C6257986755B41CFE8C44707 /* Sources */ = {
			isa = PBXSourcesBuildPhase;
			buildActionMask = 2147483647;
			files = (
				9E195C95548705BCE185246F /* AdvancedPage.swift in Sources */,
				B421C858D50F7E232E19318A /* AppContainer.swift in Sources */,
				50ED62B7EE8A52809F0FB009 /* AppLogger.swift in Sources */,
				8FF7DC94E8902C3465A02CB0 /* AppRefreshController.swift in Sources */,
				5EE9174C36E6A73A282C8036 /* AppRuntime.swift in Sources */,
				B4563C746B28080BB2086F6D /* AudioOutputRoute.swift in Sources */,
				F2C19904FCBFF380B30F3DF3 /* AudioPage.swift in Sources */,
				A1FA7797611B814CFBDE893C /* CalendarConnectionDiagnosticSnapshot.swift in Sources */,
				163D266695E119E3BCAD99E9 /* CalendarPage.swift in Sources */,
				5E251C833627F81C2EF6715D /* Components.swift in Sources */,
				C62CFB42FF685943679356F0 /* DiagnosticCheckers.swift in Sources */,
				B172F6148DCB4468092F6839 /* DiagnosticsState.swift in Sources */,
				8C113D0D214E22A3D593B4E6 /* FeishuMeetingCountdownApp.swift in Sources */,
				7EC32AC7335445C203A3D3FF /* GlassUI.swift in Sources */,
				4293E9E8048234A39385A9A7 /* Header.swift in Sources */,
				94FC139015D66E6070C02F8A /* LaunchAtLoginController.swift in Sources */,
				81DC1C2E545BDE382DB1D8AB /* MeetingRecord.swift in Sources */,
				3B071A07E4619D85C7CE5888 /* MeetingSource.swift in Sources */,
				92B5EB3F4BB8ED4F7CAD0637 /* MenuBarContentView.swift in Sources */,
				4079514509B7FE24DAF3E265 /* MenuBarPresentationClock.swift in Sources */,
				9E53DB4BB37696F0550E0BE4 /* MenuBarStatusItemController.swift in Sources */,
				1655E15D790C5648C01905EC /* NextMeetingSelector.swift in Sources */,
				426656C9BCD061226497353D /* OverviewPage.swift in Sources */,
				07F2A2BFA3D36D127972EC55 /* PreferencesStore.swift in Sources */,
				79C75486C861D3AE9AD8BB05 /* Presentation.swift in Sources */,
				E848E5203527FD582DE28771 /* RefreshTrigger.swift in Sources */,
				D1ED963528220CF79C90ABC7 /* ReminderAudioEngine.swift in Sources */,
				7238928744EFEB29EB2C746A /* ReminderEngine.swift in Sources */,
				1C9D72A36A07AF9550298543 /* ReminderPreferences.swift in Sources */,
				5AB73F7901F71BFBEB90DBA1 /* ReminderPreferencesController.swift in Sources */,
				0AC8890F86D334C2ABA050CC /* ReminderState.swift in Sources */,
				C97155D34714248A69EC016E /* RemindersPage.swift in Sources */,
				9D21C498FE78EA8E84C076CB /* SelectableSoundProfileReminderAudioEngine.swift in Sources */,
				66D922920448C6C423981DF3 /* SettingsSceneOpenController.swift in Sources */,
				C4C5668DAF91ECD4D3E7EE9B /* SettingsView.swift in Sources */,
				F48E4AE2F6AD606FD26FB575 /* SettingsWindowController.swift in Sources */,
				A2D1B7F8E66FF1EFFD1C9473 /* SoundProfile.swift in Sources */,
				3C85020E586F2BC53453639A /* SoundProfileAssetStore.swift in Sources */,
				5C0D63A2079B309B3E27F8CC /* SoundProfileLibraryController.swift in Sources */,
				E07827B9566EB75B910EE297 /* SoundProfilePreviewPlayer.swift in Sources */,
				4FF3910E5AA555BB9C398E44 /* SourceCoordinator.swift in Sources */,
				BD42B27D13C82396C7F55DE6 /* StubMeetingSource.swift in Sources */,
				FB599DAD0BF6136EE4D336FE /* SystemCalendarAccess.swift in Sources */,
				9AF6CD06AC52E88719FE9C49 /* SystemCalendarConnectionController.swift in Sources */,
				D9B53815EF2478A306F5DABE /* SystemCalendarMeetingSource.swift in Sources */,
				B9AC6D48ED8DBC9751C932A1 /* SystemCalendarModels.swift in Sources */,
			);
			runOnlyForDeploymentPostprocessing = 0;
		};
/* End PBXSourcesBuildPhase section */

/* Begin PBXTargetDependency section */
		C4AFCFDAA44F3F25D15AC618 /* PBXTargetDependency */ = {
			isa = PBXTargetDependency;
			target = 9FF8CA74C34BEE337BE1E4E6 /* FeishuMeetingCountdown */;
			targetProxy = C8C1096F216ACD247164D33B /* PBXContainerItemProxy */;
		};
/* End PBXTargetDependency section */

/* Begin XCBuildConfiguration section */
		10EC3A133A370BEFEF1F3AE7 /* Debug */ = {
			isa = XCBuildConfiguration;
			buildSettings = {
				APP_DISPLAY_NAME = "Feishu Meeting Countdown Dev";
				ASSETCATALOG_COMPILER_APPICON_NAME = AppIcon;
				COMBINE_HIDPI_IMAGES = YES;
				GENERATE_INFOPLIST_FILE = NO;
				INFOPLIST_FILE = "Config/FeishuMeetingCountdown-Info.plist";
				LD_RUNPATH_SEARCH_PATHS = (
					"$(inherited)",
					"@executable_path/../Frameworks",
				);
				MACOSX_DEPLOYMENT_TARGET = 14.0;
				PRODUCT_BUNDLE_IDENTIFIER = com.luiszeng.meetingcountdown.dev;
				PRODUCT_NAME = FeishuMeetingCountdown;
				SDKROOT = macosx;
				SUPPORTS_MACCATALYST = NO;
			};
			name = Debug;
		};
		2457BA222EFBBF1D6F1962CD /* Debug */ = {
			isa = XCBuildConfiguration;
			buildSettings = {
				BUNDLE_LOADER = "$(TEST_HOST)";
				COMBINE_HIDPI_IMAGES = YES;
				LD_RUNPATH_SEARCH_PATHS = (
					"$(inherited)",
					"@executable_path/../Frameworks",
					"@loader_path/../Frameworks",
				);
				MACOSX_DEPLOYMENT_TARGET = 14.0;
				SDKROOT = macosx;
				TEST_HOST = "$(BUILT_PRODUCTS_DIR)/FeishuMeetingCountdown.app/Contents/MacOS/FeishuMeetingCountdown";
			};
			name = Debug;
		};
		3A3C4606C3FB9E4BFC10860D /* Release */ = {
			isa = XCBuildConfiguration;
			buildSettings = {
				ALWAYS_SEARCH_USER_PATHS = NO;
				CLANG_ANALYZER_NONNULL = YES;
				CLANG_ANALYZER_NUMBER_OBJECT_CONVERSION = YES_AGGRESSIVE;
				CLANG_CXX_LANGUAGE_STANDARD = "gnu++14";
				CLANG_CXX_LIBRARY = "libc++";
				CLANG_ENABLE_MODULES = YES;
				CLANG_ENABLE_OBJC_ARC = YES;
				CLANG_ENABLE_OBJC_WEAK = YES;
				CLANG_WARN_BLOCK_CAPTURE_AUTORELEASING = YES;
				CLANG_WARN_BOOL_CONVERSION = YES;
				CLANG_WARN_COMMA = YES;
				CLANG_WARN_CONSTANT_CONVERSION = YES;
				CLANG_WARN_DEPRECATED_OBJC_IMPLEMENTATIONS = YES;
				CLANG_WARN_DIRECT_OBJC_ISA_USAGE = YES_ERROR;
				CLANG_WARN_DOCUMENTATION_COMMENTS = YES;
				CLANG_WARN_EMPTY_BODY = YES;
				CLANG_WARN_ENUM_CONVERSION = YES;
				CLANG_WARN_INFINITE_RECURSION = YES;
				CLANG_WARN_INT_CONVERSION = YES;
				CLANG_WARN_NON_LITERAL_NULL_CONVERSION = YES;
				CLANG_WARN_OBJC_IMPLICIT_RETAIN_SELF = YES;
				CLANG_WARN_OBJC_LITERAL_CONVERSION = YES;
				CLANG_WARN_OBJC_ROOT_CLASS = YES_ERROR;
				CLANG_WARN_QUOTED_INCLUDE_IN_FRAMEWORK_HEADER = YES;
				CLANG_WARN_RANGE_LOOP_ANALYSIS = YES;
				CLANG_WARN_STRICT_PROTOTYPES = YES;
				CLANG_WARN_SUSPICIOUS_MOVE = YES;
				CLANG_WARN_UNGUARDED_AVAILABILITY = YES_AGGRESSIVE;
				CLANG_WARN_UNREACHABLE_CODE = YES;
				CLANG_WARN__DUPLICATE_METHOD_MATCH = YES;
				CODE_SIGNING_ALLOWED = NO;
				CODE_SIGNING_REQUIRED = NO;
				COPY_PHASE_STRIP = NO;
				CURRENT_PROJECT_VERSION = 1;
				DEBUG_INFORMATION_FORMAT = "dwarf-with-dsym";
				ENABLE_NS_ASSERTIONS = NO;
				ENABLE_STRICT_OBJC_MSGSEND = YES;
				GCC_C_LANGUAGE_STANDARD = gnu11;
				GCC_NO_COMMON_BLOCKS = YES;
				GCC_WARN_64_TO_32_BIT_CONVERSION = YES;
				GCC_WARN_ABOUT_RETURN_TYPE = YES_ERROR;
				GCC_WARN_UNDECLARED_SELECTOR = YES;
				GCC_WARN_UNINITIALIZED_AUTOS = YES_AGGRESSIVE;
				GCC_WARN_UNUSED_FUNCTION = YES;
				GCC_WARN_UNUSED_VARIABLE = YES;
				MACOSX_DEPLOYMENT_TARGET = 14.0;
				MARKETING_VERSION = 0.1.2;
				MTL_ENABLE_DEBUG_INFO = NO;
				MTL_FAST_MATH = YES;
				PRODUCT_NAME = "$(TARGET_NAME)";
				SDKROOT = macosx;
				SWIFT_COMPILATION_MODE = wholemodule;
				SWIFT_OPTIMIZATION_LEVEL = "-O";
				SWIFT_VERSION = 6.0;
			};
			name = Release;
		};
		B30AB2D619AD5509FCF695A8 /* Debug */ = {
			isa = XCBuildConfiguration;
			buildSettings = {
				ALWAYS_SEARCH_USER_PATHS = NO;
				CLANG_ANALYZER_NONNULL = YES;
				CLANG_ANALYZER_NUMBER_OBJECT_CONVERSION = YES_AGGRESSIVE;
				CLANG_CXX_LANGUAGE_STANDARD = "gnu++14";
				CLANG_CXX_LIBRARY = "libc++";
				CLANG_ENABLE_MODULES = YES;
				CLANG_ENABLE_OBJC_ARC = YES;
				CLANG_ENABLE_OBJC_WEAK = YES;
				CLANG_WARN_BLOCK_CAPTURE_AUTORELEASING = YES;
				CLANG_WARN_BOOL_CONVERSION = YES;
				CLANG_WARN_COMMA = YES;
				CLANG_WARN_CONSTANT_CONVERSION = YES;
				CLANG_WARN_DEPRECATED_OBJC_IMPLEMENTATIONS = YES;
				CLANG_WARN_DIRECT_OBJC_ISA_USAGE = YES_ERROR;
				CLANG_WARN_DOCUMENTATION_COMMENTS = YES;
				CLANG_WARN_EMPTY_BODY = YES;
				CLANG_WARN_ENUM_CONVERSION = YES;
				CLANG_WARN_INFINITE_RECURSION = YES;
				CLANG_WARN_INT_CONVERSION = YES;
				CLANG_WARN_NON_LITERAL_NULL_CONVERSION = YES;
				CLANG_WARN_OBJC_IMPLICIT_RETAIN_SELF = YES;
				CLANG_WARN_OBJC_LITERAL_CONVERSION = YES;
				CLANG_WARN_OBJC_ROOT_CLASS = YES_ERROR;
				CLANG_WARN_QUOTED_INCLUDE_IN_FRAMEWORK_HEADER = YES;
				CLANG_WARN_RANGE_LOOP_ANALYSIS = YES;
				CLANG_WARN_STRICT_PROTOTYPES = YES;
				CLANG_WARN_SUSPICIOUS_MOVE = YES;
				CLANG_WARN_UNGUARDED_AVAILABILITY = YES_AGGRESSIVE;
				CLANG_WARN_UNREACHABLE_CODE = YES;
				CLANG_WARN__DUPLICATE_METHOD_MATCH = YES;
				CODE_SIGNING_ALLOWED = NO;
				CODE_SIGNING_REQUIRED = NO;
				COPY_PHASE_STRIP = NO;
				CURRENT_PROJECT_VERSION = 1;
				DEBUG_INFORMATION_FORMAT = dwarf;
				ENABLE_STRICT_OBJC_MSGSEND = YES;
				ENABLE_TESTABILITY = YES;
				GCC_C_LANGUAGE_STANDARD = gnu11;
				GCC_DYNAMIC_NO_PIC = NO;
				GCC_NO_COMMON_BLOCKS = YES;
				GCC_OPTIMIZATION_LEVEL = 0;
				GCC_PREPROCESSOR_DEFINITIONS = (
					"$(inherited)",
					"DEBUG=1",
				);
				GCC_WARN_64_TO_32_BIT_CONVERSION = YES;
				GCC_WARN_ABOUT_RETURN_TYPE = YES_ERROR;
				GCC_WARN_UNDECLARED_SELECTOR = YES;
				GCC_WARN_UNINITIALIZED_AUTOS = YES_AGGRESSIVE;
				GCC_WARN_UNUSED_FUNCTION = YES;
				GCC_WARN_UNUSED_VARIABLE = YES;
				MACOSX_DEPLOYMENT_TARGET = 14.0;
				MARKETING_VERSION = 0.1.2;
				MTL_ENABLE_DEBUG_INFO = INCLUDE_SOURCE;
				MTL_FAST_MATH = YES;
				ONLY_ACTIVE_ARCH = YES;
				PRODUCT_NAME = "$(TARGET_NAME)";
				SDKROOT = macosx;
				SWIFT_ACTIVE_COMPILATION_CONDITIONS = DEBUG;
				SWIFT_OPTIMIZATION_LEVEL = "-Onone";
				SWIFT_VERSION = 6.0;
			};
			name = Debug;
		};
		B687E29D2D3B630D2279DEE9 /* Release */ = {
			isa = XCBuildConfiguration;
			buildSettings = {
				APP_DISPLAY_NAME = "Feishu Meeting Countdown";
				ASSETCATALOG_COMPILER_APPICON_NAME = AppIcon;
				COMBINE_HIDPI_IMAGES = YES;
				GENERATE_INFOPLIST_FILE = NO;
				INFOPLIST_FILE = "Config/FeishuMeetingCountdown-Info.plist";
				LD_RUNPATH_SEARCH_PATHS = (
					"$(inherited)",
					"@executable_path/../Frameworks",
				);
				MACOSX_DEPLOYMENT_TARGET = 14.0;
				PRODUCT_BUNDLE_IDENTIFIER = com.luiszeng.meetingcountdown;
				PRODUCT_NAME = FeishuMeetingCountdown;
				SDKROOT = macosx;
				SUPPORTS_MACCATALYST = NO;
			};
			name = Release;
		};
		FBDBC2546CE32CAEBAAE0489 /* Release */ = {
			isa = XCBuildConfiguration;
			buildSettings = {
				BUNDLE_LOADER = "$(TEST_HOST)";
				COMBINE_HIDPI_IMAGES = YES;
				LD_RUNPATH_SEARCH_PATHS = (
					"$(inherited)",
					"@executable_path/../Frameworks",
					"@loader_path/../Frameworks",
				);
				MACOSX_DEPLOYMENT_TARGET = 14.0;
				SDKROOT = macosx;
				TEST_HOST = "$(BUILT_PRODUCTS_DIR)/FeishuMeetingCountdown.app/Contents/MacOS/FeishuMeetingCountdown";
			};
			name = Release;
		};
/* End XCBuildConfiguration section */

/* Begin XCConfigurationList section */
		30916074E20F0C2E1F82AB54 /* Build configuration list for PBXNativeTarget "FeishuMeetingCountdown" */ = {
			isa = XCConfigurationList;
			buildConfigurations = (
				10EC3A133A370BEFEF1F3AE7 /* Debug */,
				B687E29D2D3B630D2279DEE9 /* Release */,
			);
			defaultConfigurationIsVisible = 0;
			defaultConfigurationName = Debug;
		};
		3B9ECB477BD840F035AD8E01 /* Build configuration list for PBXNativeTarget "FeishuMeetingCountdownTests" */ = {
			isa = XCConfigurationList;
			buildConfigurations = (
				2457BA222EFBBF1D6F1962CD /* Debug */,
				FBDBC2546CE32CAEBAAE0489 /* Release */,
			);
			defaultConfigurationIsVisible = 0;
			defaultConfigurationName = Debug;
		};
		6F09D167FADEB0E17AE3DD87 /* Build configuration list for PBXProject "MeetingCountdown" */ = {
			isa = XCConfigurationList;
			buildConfigurations = (
				B30AB2D619AD5509FCF695A8 /* Debug */,
				3A3C4606C3FB9E4BFC10860D /* Release */,
			);
			defaultConfigurationIsVisible = 0;
			defaultConfigurationName = Debug;
		};
/* End XCConfigurationList section */
	};
	rootObject = 7C842DD298E86FC7253EF3D0 /* Project object */;
}
